
Microsoft Visual Studio Solution File, Format Version 12.00
# Visual Studio Version 16
VisualStudioVersion = 16.0.31702.278
MinimumVisualStudioVersion = 10.0.40219.1
Project("{9A19103F-16F7-4668-BE54-9A1E7A4F7556}") = "aditionalTask", "aditionalTask\aditionalTask.csproj", "{D0C54D91-00F8-4737-8CA3-86510EB9938E}"
EndProject
Project("{9A19103F-16F7-4668-BE54-9A1E7A4F7556}") = "Task2", "Task2\Task2.csproj", "{AD6515E9-8CA4-4B08-87AB-BFA4AF31F015}"
EndProject
Project("{FAE04EC0-301F-11D3-BF4B-00C04F79EFBC}") = "Task3", "Task3\Task3.csproj", "{878F352B-ADCE-494D-BC7A-0A9070C9723C}"
EndProject
Global
	GlobalSection(SolutionConfigurationPlatforms) = preSolution
		Debug|Any CPU = Debug|Any CPU
		Release|Any CPU = Release|Any CPU
	EndGlobalSection
	GlobalSection(ProjectConfigurationPlatforms) = postSolution
		{D0C54D91-00F8-4737-8CA3-86510EB9938E}.Debug|Any CPU.ActiveCfg = Debug|Any CPU
		{D0C54D91-00F8-4737-8CA3-86510EB9938E}.Debug|Any CPU.Build.0 = Debug|Any CPU
		{D0C54D91-00F8-4737-8CA3-86510EB9938E}.Release|Any CPU.ActiveCfg = Release|Any CPU
		{D0C54D91-00F8-4737-8CA3-86510EB9938E}.Release|Any CPU.Build.0 = Release|Any CPU
		{AD6515E9-8CA4-4B08-87AB-BFA4AF31F015}.Debug|Any CPU.ActiveCfg = Debug|Any CPU
		{AD6515E9-8CA4-4B08-87AB-BFA4AF31F015}.Debug|Any CPU.Build.0 = Debug|Any CPU
		{AD6515E9-8CA4-4B08-87AB-BFA4AF31F015}.Release|Any CPU.ActiveCfg = Release|Any CPU
		{AD6515E9-8CA4-4B08-87AB-BFA4AF31F015}.Release|Any CPU.Build.0 = Release|Any CPU
		{878F352B-ADCE-494D-BC7A-0A9070C9723C}.Debug|Any CPU.ActiveCfg = Debug|Any CPU
		{878F352B-ADCE-494D-BC7A-0A9070C9723C}.Debug|Any CPU.Build.0 = Debug|Any CPU
		{878F352B-ADCE-494D-BC7A-0A9070C9723C}.Release|Any CPU.ActiveCfg = Release|Any CPU
		{878F352B-ADCE-494D-BC7A-0A9070C9723C}.Release|Any CPU.Build.0 = Release|Any CPU
	EndGlobalSection
	GlobalSection(SolutionProperties) = preSolution
		HideSolutionNode = FALSE
	EndGlobalSection
	GlobalSection(ExtensibilityGlobals) = postSolution
		SolutionGuid = {0BDE4DC0-7D8D-4A47-B26A-8AE0012F279B}
	EndGlobalSection
EndGlobal
